{
  "name": "jobhooks",
  "lockfileVersion": 3,
  "requires": true,
  "packages": {
    "": {
      "name": "jobhooks",
      "devDependencies": {
        "@aws-sdk/client-secrets-manager": "3.883.0",
        "@aws-sdk/client-sts": "3.883.0",
        "@types/node": "26.1.0",
        "@vercel/ncc": "0.38.4",
        "typescript": "6.0.3"
      }
    },
    "node_modules/@aws-crypto/sha256-browser": {
      "version": "5.2.0",
      "resolved": "https://registry.npmjs.org/@aws-crypto/sha256-browser/-/sha256-browser-5.2.0.tgz",
      "integrity": "sha512-AXfN/lGotSQwu6HNcEsIASo7kWXZ5HYWvfOmSNKDsEqC4OashTp8alTmaz+F7TC2L083SFv5RdB+qU3Vs1kZqw==",
      "dev": true,
      "license": "Apache-2.0",
      "dependencies": {
        "@aws-crypto/sha256-js": "^5.2.0",
        "@aws-crypto/supports-web-crypto": "^5.2.0",
        "@aws-crypto/util": "^5.2.0",
        "@aws-sdk/types": "^3.222.0",
        "@aws-sdk/util-locate-window": "^3.0.0",
        "@smithy/util-utf8": "^2.0.0",
        "tslib": "^2.6.2"
      }
    },
    "node_modules/@aws-crypto/sha256-browser/node_modules/@smithy/util-utf8": {
      "version": "2.3.0",
      "resolved": "https://registry.npmjs.org/@smithy/util-utf8/-/util-utf8-2.3.0.tgz",
      "integrity": "sha512-R8Rdn8Hy72KKcebgLiv8jQcQkXoLMOGGv5uI1/k0l+snqkOzQ1R0ChUBCxWMlBsFMekWjq0wRudIweFs7sKT5A==",
      "dev": true,
      "license": "Apache-2.0",
      "dependencies": {
        "@smithy/util-buffer-from": "^2.2.0",
        "tslib": "^2.6.2"
      },
      "engines": {
        "node": ">=14.0.0"
      }
    },
    "node_modules/@aws-crypto/sha256-js": {
      "version": "5.2.0",
      "resolved": "https://registry.npmjs.org/@aws-crypto/sha256-js/-/sha256-js-5.2.0.tgz",
      "integrity": "sha512-FFQQyu7edu4ufvIZ+OadFpHHOt+eSTBaYaki44c+akjg7qZg9oOQeLlk77F6tSYqjDAFClrHJk9tMf0HdVyOvA==",
      "dev": true,
      "license": "Apache-2.0",
      "dependencies": {
        "@aws-crypto/util": "^5.2.0",
        "@aws-sdk/types": "^3.222.0",
        "tslib": "^2.6.2"
      },
      "engines": {
        "node": ">=16.0.0"
      }
    },
    "node_modules/@aws-crypto/supports-web-crypto": {
      "version": "5.2.0",
      "resolved": "https://registry.npmjs.org/@aws-crypto/supports-web-crypto/-/supports-web-crypto-5.2.0.tgz",
      "integrity": "sha512-iAvUotm021kM33eCdNfwIN//F77/IADDSs58i+MDaOqFrVjZo9bAal0NK7HurRuWLLpF1iLX7gbWrjHjeo+YFg==",
      "dev": true,
      "license": "Apache-2.0",
      "dependencies": {
        "tslib": "^2.6.2"
      }
    },
    "node_modules/@aws-crypto/util": {
      "version": "5.2.0",
      "resolved": "https://registry.npmjs.org/@aws-crypto/util/-/util-5.2.0.tgz",
      "integrity": "sha512-4RkU9EsI6ZpBve5fseQlGNUWKMa1RLPQ1dnjnQoe07ldfIzcsGb5hC5W0Dm7u423KWzawlrpbjXBrXCEv9zazQ==",
      "dev": true,
      "license": "Apache-2.0",
      "dependencies": {
        "@aws-sdk/types": "^3.222.0",
        "@smithy/util-utf8": "^2.0.0",
        "tslib": "^2.6.2"
      }
    },
    "node_modules/@aws-crypto/util/node_modules/@smithy/util-utf8": {
      "version": "2.3.0",
      "resolved": "https://registry.npmjs.org/@smithy/util-utf8/-/util-utf8-2.3.0.tgz",
      "integrity": "sha512-R8Rdn8Hy72KKcebgLiv8jQcQkXoLMOGGv5uI1/k0l+snqkOzQ1R0ChUBCxWMlBsFMekWjq0wRudIweFs7sKT5A==",
      "dev": true,
      "license": "Apache-2.0",
      "dependencies": {
        "@smithy/util-buffer-from": "^2.2.0",
        "tslib": "^2.6.2"
      },
      "engines": {
        "node": ">=14.0.0"
      }
    },
    "node_modules/@aws-sdk/client-secrets-manager": {
      "version": "3.883.0",
      "resolved": "https://registry.npmjs.org/@aws-sdk/client-secrets-manager/-/client-secrets-manager-3.883.0.tgz",
      "integrity": "sha512-qpt9oRPES5+DkE2vBmwu9FPcLIHQPj35hmLkupNptiXEYqN5eUJV/nINDUHJgyEsPN05Dc+847R+QH5u1rSFVg==",
      "dev": true,
      "license": "Apache-2.0",
      "dependencies": {
        "@aws-crypto/sha256-browser": "5.2.0",
        "@aws-crypto/sha256-js": "5.2.0",
        "@aws-sdk/core": "3.883.0",
        "@aws-sdk/credential-provider-node": "3.883.0",
        "@aws-sdk/middleware-host-header": "3.873.0",
        "@aws-sdk/middleware-logger": "3.876.0",
        "@aws-sdk/middleware-recursion-detection": "3.873.0",
        "@aws-sdk/middleware-user-agent": "3.883.0",
        "@aws-sdk/region-config-resolver": "3.873.0",
        "@aws-sdk/types": "3.862.0",
        "@aws-sdk/util-endpoints": "3.879.0",
        "@aws-sdk/util-user-agent-browser": "3.873.0",
        "@aws-sdk/util-user-agent-node": "3.883.0",
        "@smithy/config-resolver": "^4.1.5",
        "@smithy/core": "^3.9.2",
        "@smithy/fetch-http-handler": "^5.1.1",
        "@smithy/hash-node": "^4.0.5",
        "@smithy/invalid-dependency": "^4.0.5",
        "@smithy/middleware-content-length": "^4.0.5",
        "@smithy/middleware-endpoint": "^4.1.21",
        "@smithy/middleware-retry": "^4.1.22",
        "@smithy/middleware-serde": "^4.0.9",
        "@smithy/middleware-stack": "^4.0.5",
        "@smithy/node-config-provider": "^4.1.4",
        "@smithy/node-http-handler": "^4.1.1",
        "@smithy/protocol-http": "^5.1.3",
        "@smithy/smithy-client": "^4.5.2",
        "@smithy/types": "^4.3.2",
        "@smithy/url-parser": "^4.0.5",
        "@smithy/util-base64": "^4.0.0",
        "@smithy/util-body-length-browser": "^4.0.0",
        "@smithy/util-body-length-node": "^4.0.0",
        "@smithy/util-defaults-mode-browser": "^4.0.29",
        "@smithy/util-defaults-mode-node": "^4.0.29",
        "@smithy/util-endpoints": "^3.0.7",
        "@smithy/util-middleware": "^4.0.5",
        "@smithy/util-retry": "^4.0.7",
        "@smithy/util-utf8": "^4.0.0",
        "@types/uuid": "^9.0.1",
        "tslib": "^2.6.2",
        "uuid": "^9.0.1"
      },
      "engines": {
        "node": ">=18.0.0"
      }
    },
    "node_modules/@aws-sdk/client-sso": {
      "version": "3.883.0",
      "resolved": "https://registry.npmjs.org/@aws-sdk/client-sso/-/client-sso-3.883.0.tgz",
      "integrity": "sha512-Ybjw76yPceEBO7+VLjy5+/Gr0A1UNymSDHda5w8tfsS2iHZt/vuD6wrYpHdLoUx4H5la8ZhwcSfK/+kmE+QLPw==",
      "dev": true,
      "license": "Apache-2.0",
      "dependencies": {
        "@aws-crypto/sha256-browser": "5.2.0",
        "@aws-crypto/sha256-js": "5.2.0",
        "@aws-sdk/core": "3.883.0",
        "@aws-sdk/middleware-host-header": "3.873.0",
        "@aws-sdk/middleware-logger": "3.876.0",
        "@aws-sdk/middleware-recursion-detection": "3.873.0",
        "@aws-sdk/middleware-user-agent": "3.883.0",
        "@aws-sdk/region-config-resolver": "3.873.0",
        "@aws-sdk/types": "3.862.0",
        "@aws-sdk/util-endpoints": "3.879.0",
        "@aws-sdk/util-user-agent-browser": "3.873.0",
        "@aws-sdk/util-user-agent-node": "3.883.0",
        "@smithy/config-resolver": "^4.1.5",
        "@smithy/core": "^3.9.2",
        "@smithy/fetch-http-handler": "^5.1.1",
        "@smithy/hash-node": "^4.0.5",
        "@smithy/invalid-dependency": "^4.0.5",
        "@smithy/middleware-content-length": "^4.0.5",
        "@smithy/middleware-endpoint": "^4.1.21",
        "@smithy/middleware-retry": "^4.1.22",
        "@smithy/middleware-serde": "^4.0.9",
        "@smithy/middleware-stack": "^4.0.5",
        "@smithy/node-config-provider": "^4.1.4",
        "@smithy/node-http-handler": "^4.1.1",
        "@smithy/protocol-http": "^5.1.3",
        "@smithy/smithy-client": "^4.5.2",
        "@smithy/types": "^4.3.2",
        "@smithy/url-parser": "^4.0.5",
        "@smithy/util-base64": "^4.0.0",
        "@smithy/util-body-length-browser": "^4.0.0",
        "@smithy/util-body-length-node": "^4.0.0",
        "@smithy/util-defaults-mode-browser": "^4.0.29",
        "@smithy/util-defaults-mode-node": "^4.0.29",
        "@smithy/util-endpoints": "^3.0.7",
        "@smithy/util-middleware": "^4.0.5",
        "@smithy/util-retry": "^4.0.7",
        "@smithy/util-utf8": "^4.0.0",
        "tslib": "^2.6.2"
      },
      "engines": {
        "node": ">=18.0.0"
      }
    },
    "node_modules/@aws-sdk/client-sts": {
      "version": "3.883.0",
      "resolved": "https://registry.npmjs.org/@aws-sdk/client-sts/-/client-sts-3.883.0.tgz",
      "integrity": "sha512-S3j+lkUPmgGq8fOHMFXXQI/P51Pf7Q6eA6vbJW5hztkgw+OMNcAuOiUJ2p9sTWA1XaAIkcqOPfx80xgDP939lg==",
      "dev": true,
      "license": "Apache-2.0",
      "dependencies": {
        "@aws-crypto/sha256-browser": "5.2.0",
        "@aws-crypto/sha256-js": "5.2.0",
        "@aws-sdk/core": "3.883.0",
        "@aws-sdk/credential-provider-node": "3.883.0",
        "@aws-sdk/middleware-host-header": "3.873.0",
        "@aws-sdk/middleware-logger": "3.876.0",
        "@aws-sdk/middleware-recursion-detection": "3.873.0",
        "@aws-sdk/middleware-user-agent": "3.883.0",
        "@aws-sdk/region-config-resolver": "3.873.0",
        "@aws-sdk/types": "3.862.0",
        "@aws-sdk/util-endpoints": "3.879.0",
        "@aws-sdk/util-user-agent-browser": "3.873.0",
        "@aws-sdk/util-user-agent-node": "3.883.0",
        "@smithy/config-resolver": "^4.1.5",
        "@smithy/core": "^3.9.2",
        "@smithy/fetch-http-handler": "^5.1.1",
        "@smithy/hash-node": "^4.0.5",
        "@smithy/invalid-dependency": "^4.0.5",
        "@smithy/middleware-content-length": "^4.0.5",
        "@smithy/middleware-endpoint": "^4.1.21",
        "@smithy/middleware-retry": "^4.1.22",
        "@smithy/middleware-serde": "^4.0.9",
        "@smithy/middleware-stack": "^4.0.5",
        "@smithy/node-config-provider": "^4.1.4",
        "@smithy/node-http-handler": "^4.1.1",
        "@smithy/protocol-http": "^5.1.3",
        "@smithy/smithy-client": "^4.5.2",
        "@smithy/types": "^4.3.2",
        "@smithy/url-parser": "^4.0.5",
        "@smithy/util-base64": "^4.0.0",
        "@smithy/util-body-length-browser": "^4.0.0",
        "@smithy/util-body-length-node": "^4.0.0",
        "@smithy/util-defaults-mode-browser": "^4.0.29",
        "@smithy/util-defaults-mode-node": "^4.0.29",
        "@smithy/util-endpoints": "^3.0.7",
        "@smithy/util-middleware": "^4.0.5",
        "@smithy/util-retry": "^4.0.7",
        "@smithy/util-utf8": "^4.0.0",
        "tslib": "^2.6.2"
      },
      "engines": {
        "node": ">=18.0.0"
      }
    },
    "node_modules/@aws-sdk/core": {
      "version": "3.883.0",
      "resolved": "https://registry.npmjs.org/@aws-sdk/core/-/core-3.883.0.tgz",
      "integrity": "sha512-FmkqnqBLkXi4YsBPbF6vzPa0m4XKUuvgKDbamfw4DZX2CzfBZH6UU4IwmjNV3ZM38m0xraHarK8KIbGSadN3wg==",
      "dev": true,
      "license": "Apache-2.0",
      "dependencies": {
        "@aws-sdk/types": "3.862.0",
        "@aws-sdk/xml-builder": "3.873.0",
        "@smithy/core": "^3.9.2",
        "@smithy/node-config-provider": "^4.1.4",
        "@smithy/property-provider": "^4.0.5",
        "@smithy/protocol-http": "^5.1.3",
        "@smithy/signature-v4": "^5.1.3",
        "@smithy/smithy-client": "^4.5.2",
        "@smithy/types": "^4.3.2",
        "@smithy/util-base64": "^4.0.0",
        "@smithy/util-body-length-browser": "^4.0.0",
        "@smithy/util-middleware": "^4.0.5",
        "@smithy/util-utf8": "^4.0.0",
        "fast-xml-parser": "5.2.5",
        "tslib": "^2.6.2"
      },
      "engines": {
        "node": ">=18.0.0"
      }
    },
    "node_modules/@aws-sdk/credential-provider-env": {
      "version": "3.883.0",
      "resolved": "https://registry.npmjs.org/@aws-sdk/credential-provider-env/-/credential-provider-env-3.883.0.tgz",
      "integrity": "sha512-Z6tPBXPCodfhIF1rvQKoeRGMkwL6TK0xdl1UoMIA1x4AfBpPICAF77JkFBExk/pdiFYq1d04Qzddd/IiujSlLg==",
      "dev": true,
      "license": "Apache-2.0",
      "dependencies": {
        "@aws-sdk/core": "3.883.0",
        "@aws-sdk/types": "3.862.0",
        "@smithy/property-provider": "^4.0.5",
        "@smithy/types": "^4.3.2",
        "tslib": "^2.6.2"
      },
      "engines": {
        "node": ">=18.0.0"
      }
    },
    "node_modules/@aws-sdk/credential-provider-http": {
      "version": "3.883.0",
      "resolved": "https://registry.npmjs.org/@aws-sdk/credential-provider-http/-/credential-provider-http-3.883.0.tgz",
      "integrity": "sha512-P589ug1lMOOEYLTaQJjSP+Gee34za8Kk2LfteNQfO9SpByHFgGj++Sg8VyIe30eZL8Q+i4qTt24WDCz1c+dgYg==",
      "dev": true,
      "license": "Apache-2.0",
      "dependencies": {
        "@aws-sdk/core": "3.883.0",
        "@aws-sdk/types": "3.862.0",
        "@smithy/fetch-http-handler": "^5.1.1",
        "@smithy/node-http-handler": "^4.1.1",
        "@smithy/property-provider": "^4.0.5",
        "@smithy/protocol-http": "^5.1.3",
        "@smithy/smithy-client": "^4.5.2",
        "@smithy/types": "^4.3.2",
        "@smithy/util-stream": "^4.2.4",
        "tslib": "^2.6.2"
      },
      "engines": {
        "node": ">=18.0.0"
      }
    },
    "node_modules/@aws-sdk/credential-provider-ini": {
      "version": "3.883.0",
      "resolved": "https://registry.npmjs.org/@aws-sdk/credential-provider-ini/-/credential-provider-ini-3.883.0.tgz",
      "integrity": "sha512-n6z9HTzuDEdugXvPiE/95VJXbF4/gBffdV/SRHDJKtDHaRuvp/gggbfmfVSTFouGVnlKPb2pQWQsW3Nr/Y3Lrw==",
      "dev": true,
      "license": "Apache-2.0",
      "dependencies": {
        "@aws-sdk/core": "3.883.0",
        "@aws-sdk/credential-provider-env": "3.883.0",
        "@aws-sdk/credential-provider-http": "3.883.0",
        "@aws-sdk/credential-provider-process": "3.883.0",
        "@aws-sdk/credential-provider-sso": "3.883.0",
        "@aws-sdk/credential-provider-web-identity": "3.883.0",
        "@aws-sdk/nested-clients": "3.883.0",
        "@aws-sdk/types": "3.862.0",
        "@smithy/credential-provider-imds": "^4.0.7",
        "@smithy/property-provider": "^4.0.5",
        "@smithy/shared-ini-file-loader": "^4.0.5",
        "@smithy/types": "^4.3.2",
        "tslib": "^2.6.2"
      },
      "engines": {
        "node": ">=18.0.0"
      }
    },
    "node_modules/@aws-sdk/credential-provider-node": {
      "version": "3.883.0",
      "resolved": "https://registry.npmjs.org/@aws-sdk/credential-provider-node/-/credential-provider-node-3.883.0.tgz",
      "integrity": "sha512-QIUhsatsrwfB9ZsKpmi0EySSfexVP61wgN7hr493DOileh2QsKW4XATEfsWNmx0dj9323Vg1Mix7bXtRfl9cGg==",
      "dev": true,
      "license": "Apache-2.0",
      "dependencies": {
        "@aws-sdk/credential-provider-env": "3.883.0",
        "@aws-sdk/credential-provider-http": "3.883.0",
        "@aws-sdk/credential-provider-ini": "3.883.0",
        "@aws-sdk/credential-provider-process": "3.883.0",
        "@aws-sdk/credential-provider-sso": "3.883.0",
        "@aws-sdk/credential-provider-web-identity": "3.883.0",
        "@aws-sdk/types": "3.862.0",
        "@smithy/credential-provider-imds": "^4.0.7",
        "@smithy/property-provider": "^4.0.5",
        "@smithy/shared-ini-file-loader": "^4.0.5",
        "@smithy/types": "^4.3.2",
        "tslib": "^2.6.2"
      },
      "engines": {
        "node": ">=18.0.0"
      }
    },
    "node_modules/@aws-sdk/credential-provider-process": {
      "version": "3.883.0",
      "resolved": "https://registry.npmjs.org/@aws-sdk/credential-provider-process/-/credential-provider-process-3.883.0.tgz",
      "integrity": "sha512-m1shbHY/Vppy4EdddG9r8x64TO/9FsCjokp5HbKcZvVoTOTgUJrdT8q2TAQJ89+zYIJDqsKbqfrmfwJ1zOdnGQ==",
      "dev": true,
      "license": "Apache-2.0",
      "dependencies": {
        "@aws-sdk/core": "3.883.0",
        "@aws-sdk/types": "3.862.0",
        "@smithy/property-provider": "^4.0.5",
        "@smithy/shared-ini-file-loader": "^4.0.5",
        "@smithy/types": "^4.3.2",
        "tslib": "^2.6.2"
      },
      "engines": {
        "node": ">=18.0.0"
      }
    },
    "node_modules/@aws-sdk/credential-provider-sso": {
      "version": "3.883.0",
      "resolved": "https://registry.npmjs.org/@aws-sdk/credential-provider-sso/-/credential-provider-sso-3.883.0.tgz",
      "integrity": "sha512-37ve9Tult08HLXrJFHJM/sGB/vO7wzI6v1RUUfeTiShqx8ZQ5fTzCTNY/duO96jCtCexmFNSycpQzh7lDIf0aA==",
      "dev": true,
      "license": "Apache-2.0",
      "dependencies": {
        "@aws-sdk/client-sso": "3.883.0",
        "@aws-sdk/core": "3.883.0",
        "@aws-sdk/token-providers": "3.883.0",
        "@aws-sdk/types": "3.862.0",
        "@smithy/property-provider": "^4.0.5",
        "@smithy/shared-ini-file-loader": "^4.0.5",
        "@smithy/types": "^4.3.2",
        "tslib": "^2.6.2"
      },
      "engines": {
        "node": ">=18.0.0"
      }
    },
    "node_modules/@aws-sdk/credential-provider-web-identity": {
      "version": "3.883.0",
      "resolved": "https://registry.npmjs.org/@aws-sdk/credential-provider-web-identity/-/credential-provider-web-identity-3.883.0.tgz",
      "integrity": "sha512-SL82K9Jb0vpuTadqTO4Fpdu7SKtebZ3Yo4LZvk/U0UauVMlJj5ZTos0mFx1QSMB9/4TpqifYrSZcdnxgYg8Eqw==",
      "dev": true,
      "license": "Apache-2.0",
      "dependencies": {
        "@aws-sdk/core": "3.883.0",
        "@aws-sdk/nested-clients": "3.883.0",
        "@aws-sdk/types": "3.862.0",
        "@smithy/property-provider": "^4.0.5",
        "@smithy/types": "^4.3.2",
        "tslib": "^2.6.2"
      },
      "engines": {
        "node": ">=18.0.0"
      }
    },
    "node_modules/@aws-sdk/middleware-host-header": {
      "version": "3.873.0",
      "resolved": "https://registry.npmjs.org/@aws-sdk/middleware-host-header/-/middleware-host-header-3.873.0.tgz",
      "integrity": "sha512-KZ/W1uruWtMOs7D5j3KquOxzCnV79KQW9MjJFZM/M0l6KI8J6V3718MXxFHsTjUE4fpdV6SeCNLV1lwGygsjJA==",
      "dev": true,
      "license": "Apache-2.0",
      "dependencies": {
        "@aws-sdk/types": "3.862.0",
        "@smithy/protocol-http": "^5.1.3",
        "@smithy/types": "^4.3.2",
        "tslib": "^2.6.2"
      },
      "engines": {
        "node": ">=18.0.0"
      }
    },
    "node_modules/@aws-sdk/middleware-logger": {
      "version": "3.876.0",
      "resolved": "https://registry.npmjs.org/@aws-sdk/middleware-logger/-/middleware-logger-3.876.0.tgz",
      "integrity": "sha512-cpWJhOuMSyz9oV25Z/CMHCBTgafDCbv7fHR80nlRrPdPZ8ETNsahwRgltXP1QJJ8r3X/c1kwpOR7tc+RabVzNA==",
      "dev": true,
      "license": "Apache-2.0",
      "dependencies": {
        "@aws-sdk/types": "3.862.0",
        "@smithy/types": "^4.3.2",
        "tslib": "^2.6.2"
      },
      "engines": {
        "node": ">=18.0.0"
      }
    },
    "node_modules/@aws-sdk/middleware-recursion-detection": {
      "version": "3.873.0",
      "resolved": "https://registry.npmjs.org/@aws-sdk/middleware-recursion-detection/-/middleware-recursion-detection-3.873.0.tgz",
      "integrity": "sha512-OtgY8EXOzRdEWR//WfPkA/fXl0+WwE8hq0y9iw2caNyKPtca85dzrrZWnPqyBK/cpImosrpR1iKMYr41XshsCg==",
      "dev": true,
      "license": "Apache-2.0",
      "dependencies": {
        "@aws-sdk/types": "3.862.0",
        "@smithy/protocol-http": "^5.1.3",
        "@smithy/types": "^4.3.2",
        "tslib": "^2.6.2"
      },
      "engines": {
        "node": ">=18.0.0"
      }
    },
    "node_modules/@aws-sdk/middleware-user-agent": {
      "version": "3.883.0",
      "resolved": "https://registry.npmjs.org/@aws-sdk/middleware-user-agent/-/middleware-user-agent-3.883.0.tgz",
      "integrity": "sha512-q58uLYnGLg7hsnWpdj7Cd1Ulsq1/PUJOHvAfgcBuiDE/+Fwh0DZxZZyjrU+Cr+dbeowIdUaOO8BEDDJ0CUenJw==",
      "dev": true,
      "license": "Apache-2.0",
      "dependencies": {
        "@aws-sdk/core": "3.883.0",
        "@aws-sdk/types": "3.862.0",
        "@aws-sdk/util-endpoints": "3.879.0",
        "@smithy/core": "^3.9.2",
        "@smithy/protocol-http": "^5.1.3",
        "@smithy/types": "^4.3.2",
        "tslib": "^2.6.2"
      },
      "engines": {
        "node": ">=18.0.0"
      }
    },
    "node_modules/@aws-sdk/nested-clients": {
      "version": "3.883.0",
      "resolved": "https://registry.npmjs.org/@aws-sdk/nested-clients/-/nested-clients-3.883.0.tgz",
      "integrity": "sha512-IhzDM+v0ga53GOOrZ9jmGNr7JU5OR6h6ZK9NgB7GXaa+gsDbqfUuXRwyKDYXldrTXf1sUR3vy1okWDXA7S2ejQ==",
      "dev": true,
      "license": "Apache-2.0",
      "dependencies": {
        "@aws-crypto/sha256-browser": "5.2.0",
        "@aws-crypto/sha256-js": "5.2.0",
        "@aws-sdk/core": "3.883.0",
        "@aws-sdk/middleware-host-header": "3.873.0",
        "@aws-sdk/middleware-logger": "3.876.0",
        "@aws-sdk/middleware-recursion-detection": "3.873.0",
        "@aws-sdk/middleware-user-agent": "3.883.0",
        "@aws-sdk/region-config-resolver": "3.873.0",
        "@aws-sdk/types": "3.862.0",
        "@aws-sdk/util-endpoints": "3.879.0",
        "@aws-sdk/util-user-agent-browser": "3.873.0",
        "@aws-sdk/util-user-agent-node": "3.883.0",
        "@smithy/config-resolver": "^4.1.5",
        "@smithy/core": "^3.9.2",
        "@smithy/fetch-http-handler": "^5.1.1",
        "@smithy/hash-node": "^4.0.5",
        "@smithy/invalid-dependency": "^4.0.5",
        "@smithy/middleware-content-length": "^4.0.5",
        "@smithy/middleware-endpoint": "^4.1.21",
        "@smithy/middleware-retry": "^4.1.22",
        "@smithy/middleware-serde": "^4.0.9",
        "@smithy/middleware-stack": "^4.0.5",
        "@smithy/node-config-provider": "^4.1.4",
        "@smithy/node-http-handler": "^4.1.1",
        "@smithy/protocol-http": "^5.1.3",
        "@smithy/smithy-client": "^4.5.2",
        "@smithy/types": "^4.3.2",
        "@smithy/url-parser": "^4.0.5",
        "@smithy/util-base64": "^4.0.0",
        "@smithy/util-body-length-browser": "^4.0.0",
        "@smithy/util-body-length-node": "^4.0.0",
        "@smithy/util-defaults-mode-browser": "^4.0.29",
        "@smithy/util-defaults-mode-node": "^4.0.29",
        "@smithy/util-endpoints": "^3.0.7",
        "@smithy/util-middleware": "^4.0.5",
        "@smithy/util-retry": "^4.0.7",
        "@smithy/util-utf8": "^4.0.0",
        "tslib": "^2.6.2"
      },
      "engines": {
        "node": ">=18.0.0"
      }
    },
    "node_modules/@aws-sdk/region-config-resolver": {
      "version": "3.873.0",
      "resolved": "https://registry.npmjs.org/@aws-sdk/region-config-resolver/-/region-config-resolver-3.873.0.tgz",
      "integrity": "sha512-q9sPoef+BBG6PJnc4x60vK/bfVwvRWsPgcoQyIra057S/QGjq5VkjvNk6H8xedf6vnKlXNBwq9BaANBXnldUJg==",
      "dev": true,
      "license": "Apache-2.0",
      "dependencies": {
        "@aws-sdk/types": "3.862.0",
        "@smithy/node-config-provider": "^4.1.4",
        "@smithy/types": "^4.3.2",
        "@smithy/util-config-provider": "^4.0.0",
        "@smithy/util-middleware": "^4.0.5",
        "tslib": "^2.6.2"
      },
      "engines": {
        "node": ">=18.0.0"
      }
    },
    "node_modules/@aws-sdk/token-providers": {
      "version": "3.883.0",
      "resolved": "https://registry.npmjs.org/@aws-sdk/token-providers/-/token-providers-3.883.0.tgz",
      "integrity": "sha512-tcj/Z5paGn9esxhmmkEW7gt39uNoIRbXG1UwJrfKu4zcTr89h86PDiIE2nxUO3CMQf1KgncPpr5WouPGzkh/QQ==",
      "dev": true,
      "license": "Apache-2.0",
      "dependencies": {
        "@aws-sdk/core": "3.883.0",
        "@aws-sdk/nested-clients": "3.883.0",
        "@aws-sdk/types": "3.862.0",
        "@smithy/property-provider": "^4.0.5",
        "@smithy/shared-ini-file-loader": "^4.0.5",
        "@smithy/types": "^4.3.2",
        "tslib": "^2.6.2"
      },
      "engines": {
        "node": ">=18.0.0"
      }
    },
    "node_modules/@aws-sdk/types": {
      "version": "3.862.0",
      "resolved": "https://registry.npmjs.org/@aws-sdk/types/-/types-3.862.0.tgz",
      "integrity": "sha512-Bei+RL0cDxxV+lW2UezLbCYYNeJm6Nzee0TpW0FfyTRBhH9C1XQh4+x+IClriXvgBnRquTMMYsmJfvx8iyLKrg==",
      "dev": true,
      "license": "Apache-2.0",
      "dependencies": {
        "@smithy/types": "^4.3.2",
        "tslib": "^2.6.2"
      },
      "engines": {
        "node": ">=18.0.0"
      }
    },
    "node_modules/@aws-sdk/util-endpoints": {
      "version": "3.879.0",
      "resolved": "https://registry.npmjs.org/@aws-sdk/util-endpoints/-/util-endpoints-3.879.0.tgz",
      "integrity": "sha512-aVAJwGecYoEmbEFju3127TyJDF9qJsKDUUTRMDuS8tGn+QiWQFnfInmbt+el9GU1gEJupNTXV+E3e74y51fb7A==",
      "dev": true,
      "license": "Apache-2.0",
      "dependencies": {
        "@aws-sdk/types": "3.862.0",
        "@smithy/types": "^4.3.2",
        "@smithy/url-parser": "^4.0.5",
        "@smithy/util-endpoints": "^3.0.7",
        "tslib": "^2.6.2"
      },
      "engines": {
        "node": ">=18.0.0"
      }
    },
    "node_modules/@aws-sdk/util-locate-window": {
      "version": "3.965.8",
      "resolved": "https://registry.npmjs.org/@aws-sdk/util-locate-window/-/util-locate-window-3.965.8.tgz",
      "integrity": "sha512-uUbMs1cBZPafD0ohUj6EwNf0fPZ534NvBxHox4hjX+0Rxq5paSYUem7+hi833pYrzrcnBATKIYpR02MDXT5M9g==",
      "dev": true,
      "license": "Apache-2.0",
      "dependencies": {
        "tslib": "^2.6.2"
      },
      "engines": {
        "node": ">=20.0.0"
      }
    },
    "node_modules/@aws-sdk/util-user-agent-browser": {
      "version": "3.873.0",
      "resolved": "https://registry.npmjs.org/@aws-sdk/util-user-agent-browser/-/util-user-agent-browser-3.873.0.tgz",
      "integrity": "sha512-AcRdbK6o19yehEcywI43blIBhOCSo6UgyWcuOJX5CFF8k39xm1ILCjQlRRjchLAxWrm0lU0Q7XV90RiMMFMZtA==",
      "dev": true,
      "license": "Apache-2.0",
      "dependencies": {
        "@aws-sdk/types": "3.862.0",
        "@smithy/types": "^4.3.2",
        "bowser": "^2.11.0",
        "tslib": "^2.6.2"
      }
    },
    "node_modules/@aws-sdk/util-user-agent-node": {
      "version": "3.883.0",
      "resolved": "https://registry.npmjs.org/@aws-sdk/util-user-agent-node/-/util-user-agent-node-3.883.0.tgz",
      "integrity": "sha512-28cQZqC+wsKUHGpTBr+afoIdjS6IoEJkMqcZsmo2Ag8LzmTa6BUWQenFYB0/9BmDy4PZFPUn+uX+rJgWKB+jzA==",
      "dev": true,
      "license": "Apache-2.0",
      "dependencies": {
        "@aws-sdk/middleware-user-agent": "3.883.0",
        "@aws-sdk/types": "3.862.0",
        "@smithy/node-config-provider": "^4.1.4",
        "@smithy/types": "^4.3.2",
        "tslib": "^2.6.2"
      },
      "engines": {
        "node": ">=18.0.0"
      },
      "peerDependencies": {
        "aws-crt": ">=1.0.0"
      },
      "peerDependenciesMeta": {
        "aws-crt": {
          "optional": true
        }
      }
    },
    "node_modules/@aws-sdk/xml-builder": {
      "version": "3.873.0",
      "resolved": "https://registry.npmjs.org/@aws-sdk/xml-builder/-/xml-builder-3.873.0.tgz",
      "integrity": "sha512-kLO7k7cGJ6KaHiExSJWojZurF7SnGMDHXRuQunFnEoD0n1yB6Lqy/S/zHiQ7oJnBhPr9q0TW9qFkrsZb1Uc54w==",
      "dev": true,
      "license": "Apache-2.0",
      "dependencies": {
        "@smithy/types": "^4.3.2",
        "tslib": "^2.6.2"
      },
      "engines": {
        "node": ">=18.0.0"
      }
    },
    "node_modules/@smithy/config-resolver": {
      "version": "4.6.6",
      "resolved": "https://registry.npmjs.org/@smithy/config-resolver/-/config-resolver-4.6.6.tgz",
      "integrity": "sha512-yI8StAYGQKiI+DxT0xkLhHSzxcIFSZTTWi0c4Lk3WLgmbe2QfLpR/Roo81ZF3VYwfwqH4IQVTKsy3FLZiVRaTQ==",
      "dev": true,
      "license": "Apache-2.0",
      "dependencies": {
        "@smithy/core": "^3.29.1",
        "tslib": "^2.6.2"
      },
      "engines": {
        "node": ">=18.0.0"
      }
    },
    "node_modules/@smithy/core": {
      "version": "3.29.1",
      "resolved": "https://registry.npmjs.org/@smithy/core/-/core-3.29.1.tgz",
      "integrity": "sha512-qoiY4nrk5OCu1+eIR1VB8l5DmON/oKiqrd5zZFAhXJXjJlLWQusKEW/SkBDAtGDcPaz86m9kfcE1lngU0GlM6A==",
      "dev": true,
      "license": "Apache-2.0",
      "dependencies": {
        "@smithy/types": "^4.15.1",
        "tslib": "^2.6.2"
      },
      "engines": {
        "node": ">=18.0.0"
      }
    },
    "node_modules/@smithy/credential-provider-imds": {
      "version": "4.4.6",
      "resolved": "https://registry.npmjs.org/@smithy/credential-provider-imds/-/credential-provider-imds-4.4.6.tgz",
      "integrity": "sha512-B2WQ/PV/H6Jeg3lrIq6bKUfa6Hy01mtK7CGs6lhjzHA6k4aagldH6T6eEjnzKl4HI0cJnAsxfJ19pgb5PV+CVQ==",
      "dev": true,
      "license": "Apache-2.0",
      "dependencies": {
        "@smithy/core": "^3.29.1",
        "@smithy/types": "^4.15.1",
        "tslib": "^2.6.2"
      },
      "engines": {
        "node": ">=18.0.0"
      }
    },
    "node_modules/@smithy/fetch-http-handler": {
      "version": "5.6.3",
      "resolved": "https://registry.npmjs.org/@smithy/fetch-http-handler/-/fetch-http-handler-5.6.3.tgz",
      "integrity": "sha512-CwCc/7SMTj45y97MUnDTbTaxvtAsiNNRm81z3abROIuMbMsC2Iy5EKfkkVdsKrz8WExQAAMx1EJapq+9j4fFTQ==",
      "dev": true,
      "license": "Apache-2.0",
      "dependencies": {
        "@smithy/core": "^3.29.1",
        "@smithy/types": "^4.15.1",
        "tslib": "^2.6.2"
      },
      "engines": {
        "node": ">=18.0.0"
      }
    },
    "node_modules/@smithy/hash-node": {
      "version": "4.4.6",
      "resolved": "https://registry.npmjs.org/@smithy/hash-node/-/hash-node-4.4.6.tgz",
      "integrity": "sha512-O6YGQgZGxypohUJDm+aIBNx9ldzOvQOjnnAmHYKAVJcVRMYQLf+g88s/vCUIHJudeXbgEo7xq1vXUGYlBpdBsg==",
      "dev": true,
      "license": "Apache-2.0",
      "dependencies": {
        "@smithy/core": "^3.29.1",
        "tslib": "^2.6.2"
      },
      "engines": {
        "node": ">=18.0.0"
      }
    },
    "node_modules/@smithy/invalid-dependency": {
      "version": "4.4.6",
      "resolved": "https://registry.npmjs.org/@smithy/invalid-dependency/-/invalid-dependency-4.4.6.tgz",
      "integrity": "sha512-M2NNf2yB5pDYQiMyW3q6kD/aQyEfQlVFtFNR+LCnRKS/sg9xqOrOqkIZNP94B2aTwf+pwX3Qgp6foKw2ls9vIg==",
      "dev": true,
      "license": "Apache-2.0",
      "dependencies": {
        "@smithy/core": "^3.29.1",
        "tslib": "^2.6.2"
      },
      "engines": {
        "node": ">=18.0.0"
      }
    },
    "node_modules/@smithy/is-array-buffer": {
      "version": "2.2.0",
      "resolved": "https://registry.npmjs.org/@smithy/is-array-buffer/-/is-array-buffer-2.2.0.tgz",
      "integrity": "sha512-GGP3O9QFD24uGeAXYUjwSTXARoqpZykHadOmA8G5vfJPK0/DC67qa//0qvqrJzL1xc8WQWX7/yc7fwudjPHPhA==",
      "dev": true,
      "license": "Apache-2.0",
      "dependencies": {
        "tslib": "^2.6.2"
      },
      "engines": {
        "node": ">=14.0.0"
      }
    },
    "node_modules/@smithy/middleware-content-length": {
      "version": "4.4.6",
      "resolved": "https://registry.npmjs.org/@smithy/middleware-content-length/-/middleware-content-length-4.4.6.tgz",
      "integrity": "sha512-kMXyfLgm2iqC3objUiElh1fp0AI33PxiAmPX+C0z7H8v4sfae2I2V9N62MlwO/LVPf+MlXpmfCYCHouetbecGg==",
      "dev": true,
      "license": "Apache-2.0",
      "dependencies": {
        "@smithy/core": "^3.29.1",
        "tslib": "^2.6.2"
      },
      "engines": {
        "node": ">=18.0.0"
      }
    },
    "node_modules/@smithy/middleware-endpoint": {
      "version": "4.6.6",
      "resolved": "https://registry.npmjs.org/@smithy/middleware-endpoint/-/middleware-endpoint-4.6.6.tgz",
      "integrity": "sha512-d7L894W4LE9HL2MkpWi0+KJG6/VCcuoxkquVaXYMMsrqK7PLT83GZsUBYL+ixxpEfwnlSE5hBotsB1A/qfWO9A==",
      "dev": true,
      "license": "Apache-2.0",
      "dependencies": {
        "@smithy/core": "^3.29.1",
        "tslib": "^2.6.2"
      },
      "engines": {
        "node": ">=18.0.0"
      }
    },
    "node_modules/@smithy/middleware-retry": {
      "version": "4.7.6",
      "resolved": "https://registry.npmjs.org/@smithy/middleware-retry/-/middleware-retry-4.7.6.tgz",
      "integrity": "sha512-zUF+liYyzSiPcz8vQhGCjUlykg521Y3shrsyzJ37Y3nkpz20KujcVXcOvgZb6e68n7Unl/Pb2RG0jrkx73AE+Q==",
      "dev": true,
      "license": "Apache-2.0",
      "dependencies": {
        "@smithy/core": "^3.29.1",
        "tslib": "^2.6.2"
      },
      "engines": {
        "node": ">=18.0.0"
      }
    },
    "node_modules/@smithy/middleware-serde": {
      "version": "4.4.6",
      "resolved": "https://registry.npmjs.org/@smithy/middleware-serde/-/middleware-serde-4.4.6.tgz",
      "integrity": "sha512-h9JBsYQBiltcbe5EJECXoJy+ZJSmnJKhc9UXyoWvEB1BIUkE8inxQ614dpeb+yydm2cq4YXqMXQLQB0QUBE6rA==",
      "dev": true,
      "license": "Apache-2.0",
      "dependencies": {
        "@smithy/core": "^3.29.1",
        "tslib": "^2.6.2"
      },
      "engines": {
        "node": ">=18.0.0"
      }
    },
    "node_modules/@smithy/middleware-stack": {
      "version": "4.4.6",
      "resolved": "https://registry.npmjs.org/@smithy/middleware-stack/-/middleware-stack-4.4.6.tgz",
      "integrity": "sha512-LUO+XAQP381sbiZ0QHOSLKPpS2I0/wXTh44rH/kP4/751Ogscn5JUsAWvUH+rYJWLupmiEsdHZT3Bn4Dvd4J/Q==",
      "dev": true,
      "license": "Apache-2.0",
      "dependencies": {
        "@smithy/core": "^3.29.1",
        "tslib": "^2.6.2"
      },
      "engines": {
        "node": ">=18.0.0"
      }
    },
    "node_modules/@smithy/node-config-provider": {
      "version": "4.5.6",
      "resolved": "https://registry.npmjs.org/@smithy/node-config-provider/-/node-config-provider-4.5.6.tgz",
      "integrity": "sha512-3fFpVGK28z1UhbDIPY6pujmnGwDhcD70NqJ8wJJwdQES5EYBe3mdOojSZdXtL0jfQE9BAbZSBi73WQ6VEOLRgQ==",
      "dev": true,
      "license": "Apache-2.0",
      "dependencies": {
        "@smithy/core": "^3.29.1",
        "tslib": "^2.6.2"
      },
      "engines": {
        "node": ">=18.0.0"
      }
    },
    "node_modules/@smithy/node-http-handler": {
      "version": "4.9.3",
      "resolved": "https://registry.npmjs.org/@smithy/node-http-handler/-/node-http-handler-4.9.3.tgz",
      "integrity": "sha512-qZTa4gQFUo8RM02rk6q5UVTDLNrQ1oS20LsepBzqq1QBVc/EHJ03OOUADcqMZiXHArW+Y7+OGY0BpdTwZRq/Yg==",
      "dev": true,
      "license": "Apache-2.0",
      "dependencies": {
        "@smithy/core": "^3.29.1",
        "@smithy/types": "^4.15.1",
        "tslib": "^2.6.2"
      },
      "engines": {
        "node": ">=18.0.0"
      }
    },
    "node_modules/@smithy/property-provider": {
      "version": "4.4.6",
      "resolved": "https://registry.npmjs.org/@smithy/property-provider/-/property-provider-4.4.6.tgz",
      "integrity": "sha512-lXq53BiaAI5XHMu0Sckzc+ouMX33exTdxkIyfaP4/61AAblnnjSd1QiT64LqjlFYwtxl8ldya1Wx0LLhtMv+hw==",
      "dev": true,
      "license": "Apache-2.0",
      "dependencies": {
        "@smithy/core": "^3.29.1",
        "tslib": "^2.6.2"
      },
      "engines": {
        "node": ">=18.0.0"
      }
    },
    "node_modules/@smithy/protocol-http": {
      "version": "5.5.6",
      "resolved": "https://registry.npmjs.org/@smithy/protocol-http/-/protocol-http-5.5.6.tgz",
      "integrity": "sha512-ezPS1foOBPU+uv0da16sLF/7fMBXxeo7hFKitn/2gOxHd8HaQ7qK6DT8l0f1dUGoUS1lZC2s7mEkCwJ44QLCJg==",
      "dev": true,
      "license": "Apache-2.0",
      "dependencies": {
        "@smithy/core": "^3.29.1",
        "tslib": "^2.6.2"
      },
      "engines": {
        "node": ">=18.0.0"
      }
    },
    "node_modules/@smithy/shared-ini-file-loader": {
      "version": "4.6.6",
      "resolved": "https://registry.npmjs.org/@smithy/shared-ini-file-loader/-/shared-ini-file-loader-4.6.6.tgz",
      "integrity": "sha512-kxqLaXEbE7GhUIupgwMvAL0bM59UlbhKcRQmXPDO6/ZyL712fhn2u63WJEgWu2b/HDLstWNL5QejZ+mTBI8EYg==",
      "dev": true,
      "license": "Apache-2.0",
      "dependencies": {
        "@smithy/core": "^3.29.1",
        "tslib": "^2.6.2"
      },
      "engines": {
        "node": ">=18.0.0"
      }
    },
    "node_modules/@smithy/signature-v4": {
      "version": "5.6.2",
      "resolved": "https://registry.npmjs.org/@smithy/signature-v4/-/signature-v4-5.6.2.tgz",
      "integrity": "sha512-QgHflghMoPxCJ9axiCVh8KZfbC9fuP6vkXXyK//E3cq7nLaSSyyLj0GAoqVWezYeDQmXIZhmlRvLE16jsqDK6g==",
      "dev": true,
      "license": "Apache-2.0",
      "dependencies": {
        "@smithy/core": "^3.29.1",
        "@smithy/types": "^4.15.1",
        "tslib": "^2.6.2"
      },
      "engines": {
        "node": ">=18.0.0"
      }
    },
    "node_modules/@smithy/smithy-client": {
      "version": "4.14.6",
      "resolved": "https://registry.npmjs.org/@smithy/smithy-client/-/smithy-client-4.14.6.tgz",
      "integrity": "sha512-Nr6u0buDP8iprqxAJ83pSFu2RavKHa/OG8n/ReWTYHg1OS3GLoDoa8F+2zoWoYkvwUawTa/dFugJ7NS0CuPcYg==",
      "dev": true,
      "license": "Apache-2.0",
      "dependencies": {
        "@smithy/core": "^3.29.1",
        "@smithy/types": "^4.15.1",
        "tslib": "^2.6.2"
      },
      "engines": {
        "node": ">=18.0.0"
      }
    },
    "node_modules/@smithy/types": {
      "version": "4.15.1",
      "resolved": "https://registry.npmjs.org/@smithy/types/-/types-4.15.1.tgz",
      "integrity": "sha512-x3L0XSACF6UYzKpa9biqiRMgvH5+wnFFew9Tm/grFYqgaupPwx/+ojDPpPJM8dZON3S9tjz5U+PQYsCBd1Mw5Q==",
      "dev": true,
      "license": "Apache-2.0",
      "dependencies": {
        "tslib": "^2.6.2"
      },
      "engines": {
        "node": ">=18.0.0"
      }
    },
    "node_modules/@smithy/url-parser": {
      "version": "4.4.6",
      "resolved": "https://registry.npmjs.org/@smithy/url-parser/-/url-parser-4.4.6.tgz",
      "integrity": "sha512-bR6Te2/feLMCLiyEFqnZpM5AqkXlBGr7A5jHQn+WSVLk0X53NvPq1KF8jh5TJIv56RzDv3oKEW3t0DysRNLZdw==",
      "dev": true,
      "license": "Apache-2.0",
      "dependencies": {
        "@smithy/core": "^3.29.1",
        "tslib": "^2.6.2"
      },
      "engines": {
        "node": ">=18.0.0"
      }
    },
    "node_modules/@smithy/util-base64": {
      "version": "4.5.6",
      "resolved": "https://registry.npmjs.org/@smithy/util-base64/-/util-base64-4.5.6.tgz",
      "integrity": "sha512-N3hAANIKhtewRYICJjHscGtqQmAWISV+6Re5kbh8mOMiGKn6CvM252zocDdh9YWCmE/x9S1XAbe+5lzw+zjEZQ==",
      "dev": true,
      "license": "Apache-2.0",
      "dependencies": {
        "@smithy/core": "^3.29.1",
        "tslib": "^2.6.2"
      },
      "engines": {
        "node": ">=18.0.0"
      }
    },
    "node_modules/@smithy/util-body-length-browser": {
      "version": "4.4.6",
      "resolved": "https://registry.npmjs.org/@smithy/util-body-length-browser/-/util-body-length-browser-4.4.6.tgz",
      "integrity": "sha512-oCVUok1wVnObl1nvtuj3DrVDtsgFNSmvVFc5VstnXKusqGKycKKPTtQHdlUMCklpB4g8pOp0jUOt7l7aAJlksg==",
      "dev": true,
      "license": "Apache-2.0",
      "dependencies": {
        "@smithy/core": "^3.29.1",
        "tslib": "^2.6.2"
      },
      "engines": {
        "node": ">=18.0.0"
      }
    },
    "node_modules/@smithy/util-body-length-node": {
      "version": "4.4.6",
      "resolved": "https://registry.npmjs.org/@smithy/util-body-length-node/-/util-body-length-node-4.4.6.tgz",
      "integrity": "sha512-hNk9goWxXF3BGXT7yIyyzG29gYvtqxk55cn7wyZHRsWDWEAA1ZN9E+tLFLpKEkEPVVqprCqLmHAmnmPc/556sg==",
      "dev": true,
      "license": "Apache-2.0",
      "dependencies": {
        "@smithy/core": "^3.29.1",
        "tslib": "^2.6.2"
      },
      "engines": {
        "node": ">=18.0.0"
      }
    },
    "node_modules/@smithy/util-buffer-from": {
      "version": "2.2.0",
      "resolved": "https://registry.npmjs.org/@smithy/util-buffer-from/-/util-buffer-from-2.2.0.tgz",
      "integrity": "sha512-IJdWBbTcMQ6DA0gdNhh/BwrLkDR+ADW5Kr1aZmd4k3DIF6ezMV4R2NIAmT08wQJ3yUK82thHWmC/TnK/wpMMIA==",
      "dev": true,
      "license": "Apache-2.0",
      "dependencies": {
        "@smithy/is-array-buffer": "^2.2.0",
        "tslib": "^2.6.2"
      },
      "engines": {
        "node": ">=14.0.0"
      }
    },
    "node_modules/@smithy/util-config-provider": {
      "version": "4.4.6",
      "resolved": "https://registry.npmjs.org/@smithy/util-config-provider/-/util-config-provider-4.4.6.tgz",
      "integrity": "sha512-L7S1sESDjjfAh7YMCnEb1fg0WSF5i7Y+bwvf76sryJzm1TI9MACvdtrKB0yELFzYUdGE5jOGKjABFYSuZMtNmQ==",
      "dev": true,
      "license": "Apache-2.0",
      "dependencies": {
        "@smithy/core": "^3.29.1",
        "tslib": "^2.6.2"
      },
      "engines": {
        "node": ">=18.0.0"
      }
    },
    "node_modules/@smithy/util-defaults-mode-browser": {
      "version": "4.5.6",
      "resolved": "https://registry.npmjs.org/@smithy/util-defaults-mode-browser/-/util-defaults-mode-browser-4.5.6.tgz",
      "integrity": "sha512-lsApK6dpDK9LY49GMHEsNQV2XpT/Y9WxKy8CmfbN6oLqPMCXlCYVLeIhedtdJmgbi0Mg09ZIjbhYVEg+V/wK0Q==",
      "dev": true,
      "license": "Apache-2.0",
      "dependencies": {
        "@smithy/core": "^3.29.1",
        "tslib": "^2.6.2"
      },
      "engines": {
        "node": ">=18.0.0"
      }
    },
    "node_modules/@smithy/util-defaults-mode-node": {
      "version": "4.4.6",
      "resolved": "https://registry.npmjs.org/@smithy/util-defaults-mode-node/-/util-defaults-mode-node-4.4.6.tgz",
      "integrity": "sha512-lKt5zA8YVx5SXanQ1t1iVZuaCuQcoJxUEh9BEpW64y5qKo3asCua7PiYsKkCv2RctwWZQqeEquB6WMostXBI4w==",
      "dev": true,
      "license": "Apache-2.0",
      "dependencies": {
        "@smithy/core": "^3.29.1",
        "tslib": "^2.6.2"
      },
      "engines": {
        "node": ">=18.0.0"
      }
    },
    "node_modules/@smithy/util-endpoints": {
      "version": "3.6.6",
      "resolved": "https://registry.npmjs.org/@smithy/util-endpoints/-/util-endpoints-3.6.6.tgz",
      "integrity": "sha512-IIgVh4W8OwBP3WL17RROPs7EWkaRdygli4I3vnhEK+zkVvMFagoKN7KbDCitTafQ7GSM3ev0ZawYehN+cFzd+A==",
      "dev": true,
      "license": "Apache-2.0",
      "dependencies": {
        "@smithy/core": "^3.29.1",
        "tslib": "^2.6.2"
      },
      "engines": {
        "node": ">=18.0.0"
      }
    },
    "node_modules/@smithy/util-middleware": {
      "version": "4.4.6",
      "resolved": "https://registry.npmjs.org/@smithy/util-middleware/-/util-middleware-4.4.6.tgz",
      "integrity": "sha512-13aBkHIs4auNrqDwGE40rbkF/gXZQ/qNtufQKDHxYjc1juSAzY0ol0Kbv8Md5oaUovnNpTp2cXLQXZn3eAEnlA==",
      "dev": true,
      "license": "Apache-2.0",
      "dependencies": {
        "@smithy/core": "^3.29.1",
        "tslib": "^2.6.2"
      },
      "engines": {
        "node": ">=18.0.0"
      }
    },
    "node_modules/@smithy/util-retry": {
      "version": "4.5.6",
      "resolved": "https://registry.npmjs.org/@smithy/util-retry/-/util-retry-4.5.6.tgz",
      "integrity": "sha512-o7QZYe6U1HV5c9Oqb/mwf01YL+8NJ1wTWjGNSyA3fuaOaiC0U2UhmAY320dcBZlKOJU8O60QNfr8RWqE+OnU/w==",
      "dev": true,
      "license": "Apache-2.0",
      "dependencies": {
        "@smithy/core": "^3.29.1",
        "tslib": "^2.6.2"
      },
      "engines": {
        "node": ">=18.0.0"
      }
    },
    "node_modules/@smithy/util-stream": {
      "version": "4.7.6",
      "resolved": "https://registry.npmjs.org/@smithy/util-stream/-/util-stream-4.7.6.tgz",
      "integrity": "sha512-eUq7Efp6Wn0/IzSs4EP55whnN2jQF/U20HxIEOg+zW3RyfuM6ypW7RvdMiJV+AOeVfsU6Yn76sraz1ayDgZvBg==",
      "dev": true,
      "license": "Apache-2.0",
      "dependencies": {
        "@smithy/core": "^3.29.1",
        "tslib": "^2.6.2"
      },
      "engines": {
        "node": ">=18.0.0"
      }
    },
    "node_modules/@smithy/util-utf8": {
      "version": "4.4.6",
      "resolved": "https://registry.npmjs.org/@smithy/util-utf8/-/util-utf8-4.4.6.tgz",
      "integrity": "sha512-gncTZwzB/RTzm29VvK1nZhCHdPjBkR8pNaFtUMbQpkG6vFMjPHe/RsnmMXfrYj8Qs5s6QH5f1Mp9CBXFOHxqlQ==",
      "dev": true,
      "license": "Apache-2.0",
      "dependencies": {
        "@smithy/core": "^3.29.1",
        "tslib": "^2.6.2"
      },
      "engines": {
        "node": ">=18.0.0"
      }
    },
    "node_modules/@types/node": {
      "version": "26.1.0",
      "resolved": "https://registry.npmjs.org/@types/node/-/node-26.1.0.tgz",
      "integrity": "sha512-O0A1G3xPGy4w7AgQdAQYUlQ+BKk2Oovw8eRpofyp5KdBZULnbe+WqaOVNrm705SHphCiG4XHsACrSmPu1f+Kgw==",
      "dev": true,
      "license": "MIT",
      "dependencies": {
        "undici-types": "~8.3.0"
      }
    },
    "node_modules/@types/uuid": {
      "version": "9.0.8",
      "resolved": "https://registry.npmjs.org/@types/uuid/-/uuid-9.0.8.tgz",
      "integrity": "sha512-jg+97EGIcY9AGHJJRaaPVgetKDsrTgbRjQ5Msgjh/DQKEFl0DtyRr/VCOyD1T2R1MNeWPK/u7JoGhlDZnKBAfA==",
      "dev": true,
      "license": "MIT"
    },
    "node_modules/@vercel/ncc": {
      "version": "0.38.4",
      "resolved": "https://registry.npmjs.org/@vercel/ncc/-/ncc-0.38.4.tgz",
      "integrity": "sha512-8LwjnlP39s08C08J5NstzriPvW1SP8Zfpp1BvC2sI35kPeZnHfxVkCwu4/+Wodgnd60UtT1n8K8zw+Mp7J9JmQ==",
      "dev": true,
      "license": "MIT",
      "bin": {
        "ncc": "dist/ncc/cli.js"
      }
    },
    "node_modules/anynum": {
      "version": "1.0.1",
      "resolved": "https://registry.npmjs.org/anynum/-/anynum-1.0.1.tgz",
      "integrity": "sha512-N6//FLET/tXYNM/F6ABca1oH6fWB+KlTt909Le28WMDBk8oaT4vY17DCrwg2MvmuqUKt3Ni4N5dGJ/EoBgcO6A==",
      "dev": true,
      "funding": [
        {
          "type": "github",
          "url": "https://github.com/sponsors/NaturalIntelligence"
        }
      ],
      "license": "MIT"
    },
    "node_modules/bowser": {
      "version": "2.14.1",
      "resolved": "https://registry.npmjs.org/bowser/-/bowser-2.14.1.tgz",
      "integrity": "sha512-tzPjzCxygAKWFOJP011oxFHs57HzIhOEracIgAePE4pqB3LikALKnSzUyU4MGs9/iCEUuHlAJTjTc5M+u7YEGg==",
      "dev": true,
      "license": "MIT"
    },
    "node_modules/fast-xml-parser": {
      "version": "5.2.5",
      "resolved": "https://registry.npmjs.org/fast-xml-parser/-/fast-xml-parser-5.2.5.tgz",
      "integrity": "sha512-pfX9uG9Ki0yekDHx2SiuRIyFdyAr1kMIMitPvb0YBo8SUfKvia7w7FIyd/l6av85pFYRhZscS75MwMnbvY+hcQ==",
      "dev": true,
      "funding": [
        {
          "type": "github",
          "url": "https://github.com/sponsors/NaturalIntelligence"
        }
      ],
      "license": "MIT",
      "dependencies": {
        "strnum": "^2.1.0"
      },
      "bin": {
        "fxparser": "src/cli/cli.js"
      }
    },
    "node_modules/strnum": {
      "version": "2.4.1",
      "resolved": "https://registry.npmjs.org/strnum/-/strnum-2.4.1.tgz",
      "integrity": "sha512-M9eUSMT2dCB2cTNPG7UYj6KuK7RJR2SN2+yCV/fTW3xzTCS6EaGZ5pSMgDIjB7r8zSfTGk+dvvn9rTjpVS9Mwg==",
      "dev": true,
      "funding": [
        {
          "type": "github",
          "url": "https://github.com/sponsors/NaturalIntelligence"
        }
      ],
      "license": "MIT",
      "dependencies": {
        "anynum": "^1.0.1"
      }
    },
    "node_modules/tslib": {
      "version": "2.8.1",
      "resolved": "https://registry.npmjs.org/tslib/-/tslib-2.8.1.tgz",
      "integrity": "sha512-oJFu94HQb+KVduSUQL7wnpmqnfmLsOA/nAh6b6EH0wCEoK0/mPeXU6c3wKDV83MkOuHPRHtSXKKU99IBazS/2w==",
      "dev": true,
      "license": "0BSD"
    },
    "node_modules/typescript": {
      "version": "6.0.3",
      "resolved": "https://registry.npmjs.org/typescript/-/typescript-6.0.3.tgz",
      "integrity": "sha512-y2TvuxSZPDyQakkFRPZHKFm+KKVqIisdg9/CZwm9ftvKXLP8NRWj38/ODjNbr43SsoXqNuAisEf1GdCxqWcdBw==",
      "dev": true,
      "license": "Apache-2.0",
      "bin": {
        "tsc": "bin/tsc",
        "tsserver": "bin/tsserver"
      },
      "engines": {
        "node": ">=14.17"
      }
    },
    "node_modules/undici-types": {
      "version": "8.3.0",
      "resolved": "https://registry.npmjs.org/undici-types/-/undici-types-8.3.0.tgz",
      "integrity": "sha512-j375ScV60dom+YkPFIfTLcOiPxkN/buHz5GobjLhixFuANaNs3C9l4GmrWqejgXWJ7BbJcFYpTEUkS1Ge8bpZQ==",
      "dev": true,
      "license": "MIT"
    },
    "node_modules/uuid": {
      "version": "9.0.1",
      "resolved": "https://registry.npmjs.org/uuid/-/uuid-9.0.1.tgz",
      "integrity": "sha512-b+1eJOlsR9K8HJpow9Ok3fiWOWSIcIzXodvv0rQjVoOVNpWMpxf1wZNpt4y9h10odCNrqnYp1OBzRktckBe3sA==",
      "deprecated": "uuid@10 and below is no longer supported.  For ESM codebases, update to uuid@latest.  For CommonJS codebases, use uuid@11 (but be aware this version will likely be deprecated in 2028).",
      "dev": true,
      "funding": [
        "https://github.com/sponsors/broofa",
        "https://github.com/sponsors/ctavan"
      ],
      "license": "MIT",
      "bin": {
        "uuid": "dist/bin/uuid"
      }
    }
  }
}
